{
  "version": "0.0.1",
  "dependencies": {
    "ajv": {
      "version": "3.8.10",
      "from": "ajv@>=3.8.7 <4.0.0",
      "resolved": "http://registry.npmjs.org/ajv/-/ajv-3.8.10.tgz",
      "dependencies": {
        "co": {
          "version": "4.6.0",
          "from": "co@>=4.6.0 <5.0.0",
          "resolved": "https://registry.npmjs.org/co/-/co-4.6.0.tgz"
        },
        "json-stable-stringify": {
          "version": "1.0.1",
          "from": "json-stable-stringify@>=1.0.1 <2.0.0",
          "resolved": "https://registry.npmjs.org/json-stable-stringify/-/json-stable-stringify-1.0.1.tgz",
          "dependencies": {
            "jsonify": {
              "version": "0.0.0",
              "from": "jsonify@>=0.0.0 <0.1.0",
              "resolved": "https://registry.npmjs.org/jsonify/-/jsonify-0.0.0.tgz"
            }
          }
        }
      }
    },
    "bluebird": {
      "version": "3.3.5",
      "from": "bluebird@>=3.3.4 <4.0.0",
      "resolved": "http://registry.npmjs.org/bluebird/-/bluebird-3.3.5.tgz"
    }
  }
}
